
Microsoft Visual Studio Solution File, Format Version 12.00
# Visual Studio Version 17
VisualStudioVersion = 17.3.32804.467
MinimumVisualStudioVersion = 10.0.40219.1
Project("{9A19103F-16F7-4668-BE54-9A1E7A4F7556}") = "DataBase_Medical", "DataBase_Medical\DataBase_Medical.csproj", "{9CBA2803-4F66-4A45-A31C-BB226CA3252A}"
EndProject
Project("{FAE04EC0-301F-11D3-BF4B-00C04F79EFBC}") = "Generator", "Generator\Generator.csproj", "{9A4A0E77-98A9-4B4D-A678-F7F28D797172}"
EndProject
Global
	GlobalSection(SolutionConfigurationPlatforms) = preSolution
		Debug|Any CPU = Debug|Any CPU
		Release|Any CPU = Release|Any CPU
	EndGlobalSection
	GlobalSection(ProjectConfigurationPlatforms) = postSolution
		{9CBA2803-4F66-4A45-A31C-BB226CA3252A}.Debug|Any CPU.ActiveCfg = Debug|Any CPU
		{9CBA2803-4F66-4A45-A31C-BB226CA3252A}.Debug|Any CPU.Build.0 = Debug|Any CPU
		{9CBA2803-4F66-4A45-A31C-BB226CA3252A}.Release|Any CPU.ActiveCfg = Release|Any CPU
		{9CBA2803-4F66-4A45-A31C-BB226CA3252A}.Release|Any CPU.Build.0 = Release|Any CPU
		{9A4A0E77-98A9-4B4D-A678-F7F28D797172}.Debug|Any CPU.ActiveCfg = Debug|Any CPU
		{9A4A0E77-98A9-4B4D-A678-F7F28D797172}.Debug|Any CPU.Build.0 = Debug|Any CPU
		{9A4A0E77-98A9-4B4D-A678-F7F28D797172}.Release|Any CPU.ActiveCfg = Release|Any CPU
		{9A4A0E77-98A9-4B4D-A678-F7F28D797172}.Release|Any CPU.Build.0 = Release|Any CPU
	EndGlobalSection
	GlobalSection(SolutionProperties) = preSolution
		HideSolutionNode = FALSE
	EndGlobalSection
	GlobalSection(ExtensibilityGlobals) = postSolution
		SolutionGuid = {D5E2E029-4FC1-4060-AF04-9B8FF96AFCC8}
	EndGlobalSection
EndGlobal
